
Microsoft Visual Studio Solution File, Format Version 12.00
# Visual Studio 15
VisualStudioVersion = 15.0.26228.10
MinimumVisualStudioVersion = 10.0.40219.1
Project("{FAE04EC0-301F-11D3-BF4B-00C04F79EFBC}") = "LAB05.Android", "LAB05\LAB05.Android\LAB05.Android.csproj", "{A858F903-0F0B-49D9-85C1-B4555390D056}"
EndProject
Project("{FAE04EC0-301F-11D3-BF4B-00C04F79EFBC}") = "LAB05", "LAB05\LAB05\LAB05.csproj", "{E886C5B6-D781-4DE1-8EAB-C91034D23A60}"
EndProject
Project("{FAE04EC0-301F-11D3-BF4B-00C04F79EFBC}") = "LAB05.UWP", "LAB05\LAB05.UWP\LAB05.UWP.csproj", "{3495231E-6763-4718-8A41-9ACCB1BC3A3E}"
EndProject
Project("{FAE04EC0-301F-11D3-BF4B-00C04F79EFBC}") = "LAB05.iOS", "LAB05\LAB05.iOS\LAB05.iOS.csproj", "{6DFF1F90-C529-4FF3-BFFF-916E5A6CA219}"
EndProject
Global
	GlobalSection(SolutionConfigurationPlatforms) = preSolution
		Ad-Hoc|Any CPU = Ad-Hoc|Any CPU
		Ad-Hoc|ARM = Ad-Hoc|ARM
		Ad-Hoc|iPhone = Ad-Hoc|iPhone
		Ad-Hoc|iPhoneSimulator = Ad-Hoc|iPhoneSimulator
		Ad-Hoc|x64 = Ad-Hoc|x64
		Ad-Hoc|x86 = Ad-Hoc|x86
		AppStore|Any CPU = AppStore|Any CPU
		AppStore|ARM = AppStore|ARM
		AppStore|iPhone = AppStore|iPhone
		AppStore|iPhoneSimulator = AppStore|iPhoneSimulator
		AppStore|x64 = AppStore|x64
		AppStore|x86 = AppStore|x86
		Debug|Any CPU = Debug|Any CPU
		Debug|ARM = Debug|ARM
		Debug|iPhone = Debug|iPhone
		Debug|iPhoneSimulator = Debug|iPhoneSimulator
		Debug|x64 = Debug|x64
		Debug|x86 = Debug|x86
		Release|Any CPU = Release|Any CPU
		Release|ARM = Release|ARM
		Release|iPhone = Release|iPhone
		Release|iPhoneSimulator = Release|iPhoneSimulator
		Release|x64 = Release|x64
		Release|x86 = Release|x86
	EndGlobalSection
	GlobalSection(ProjectConfigurationPlatforms) = postSolution
		{A858F903-0F0B-49D9-85C1-B4555390D056}.Ad-Hoc|Any CPU.ActiveCfg = Release|Any CPU
		{A858F903-0F0B-49D9-85C1-B4555390D056}.Ad-Hoc|Any CPU.Build.0 = Release|Any CPU
		{A858F903-0F0B-49D9-85C1-B4555390D056}.Ad-Hoc|Any CPU.Deploy.0 = Release|Any CPU
		{A858F903-0F0B-49D9-85C1-B4555390D056}.Ad-Hoc|ARM.ActiveCfg = Release|Any CPU
		{A858F903-0F0B-49D9-85C1-B4555390D056}.Ad-Hoc|ARM.Build.0 = Release|Any CPU
		{A858F903-0F0B-49D9-85C1-B4555390D056}.Ad-Hoc|ARM.Deploy.0 = Release|Any CPU
		{A858F903-0F0B-49D9-85C1-B4555390D056}.Ad-Hoc|iPhone.ActiveCfg = Release|Any CPU
		{A858F903-0F0B-49D9-85C1-B4555390D056}.Ad-Hoc|iPhone.Build.0 = Release|Any CPU
		{A858F903-0F0B-49D9-85C1-B4555390D056}.Ad-Hoc|iPhone.Deploy.0 = Release|Any CPU
		{A858F903-0F0B-49D9-85C1-B4555390D056}.Ad-Hoc|iPhoneSimulator.ActiveCfg = Release|Any CPU
		{A858F903-0F0B-49D9-85C1-B4555390D056}.Ad-Hoc|iPhoneSimulator.Build.0 = Release|Any CPU
		{A858F903-0F0B-49D9-85C1-B4555390D056}.Ad-Hoc|iPhoneSimulator.Deploy.0 = Release|Any CPU
		{A858F903-0F0B-49D9-85C1-B4555390D056}.Ad-Hoc|x64.ActiveCfg = Release|Any CPU
		{A858F903-0F0B-49D9-85C1-B4555390D056}.Ad-Hoc|x64.Build.0 = Release|Any CPU
		{A858F903-0F0B-49D9-85C1-B4555390D056}.Ad-Hoc|x64.Deploy.0 = Release|Any CPU
		{A858F903-0F0B-49D9-85C1-B4555390D056}.Ad-Hoc|x86.ActiveCfg = Release|Any CPU
		{A858F903-0F0B-49D9-85C1-B4555390D056}.Ad-Hoc|x86.Build.0 = Release|Any CPU
		{A858F903-0F0B-49D9-85C1-B4555390D056}.Ad-Hoc|x86.Deploy.0 = Release|Any CPU
		{A858F903-0F0B-49D9-85C1-B4555390D056}.AppStore|Any CPU.ActiveCfg = Release|Any CPU
		{A858F903-0F0B-49D9-85C1-B4555390D056}.AppStore|Any CPU.Build.0 = Release|Any CPU
		{A858F903-0F0B-49D9-85C1-B4555390D056}.AppStore|Any CPU.Deploy.0 = Release|Any CPU
		{A858F903-0F0B-49D9-85C1-B4555390D056}.AppStore|ARM.ActiveCfg = Release|Any CPU
		{A858F903-0F0B-49D9-85C1-B4555390D056}.AppStore|ARM.Build.0 = Release|Any CPU
		{A858F903-0F0B-49D9-85C1-B4555390D056}.AppStore|ARM.Deploy.0 = Release|Any CPU
		{A858F903-0F0B-49D9-85C1-B4555390D056}.AppStore|iPhone.ActiveCfg = Release|Any CPU
		{A858F903-0F0B-49D9-85C1-B4555390D056}.AppStore|iPhone.Build.0 = Release|Any CPU
		{A858F903-0F0B-49D9-85C1-B4555390D056}.AppStore|iPhone.Deploy.0 = Release|Any CPU
		{A858F903-0F0B-49D9-85C1-B4555390D056}.AppStore|iPhoneSimulator.ActiveCfg = Release|Any CPU
		{A858F903-0F0B-49D9-85C1-B4555390D056}.AppStore|iPhoneSimulator.Build.0 = Release|Any CPU
		{A858F903-0F0B-49D9-85C1-B4555390D056}.AppStore|iPhoneSimulator.Deploy.0 = Release|Any CPU
		{A858F903-0F0B-49D9-85C1-B4555390D056}.AppStore|x64.ActiveCfg = Release|Any CPU
		{A858F903-0F0B-49D9-85C1-B4555390D056}.AppStore|x64.Build.0 = Release|Any CPU
		{A858F903-0F0B-49D9-85C1-B4555390D056}.AppStore|x64.Deploy.0 = Release|Any CPU
		{A858F903-0F0B-49D9-85C1-B4555390D056}.AppStore|x86.ActiveCfg = Release|Any CPU
		{A858F903-0F0B-49D9-85C1-B4555390D056}.AppStore|x86.Build.0 = Release|Any CPU
		{A858F903-0F0B-49D9-85C1-B4555390D056}.AppStore|x86.Deploy.0 = Release|Any CPU
		{A858F903-0F0B-49D9-85C1-B4555390D056}.Debug|Any CPU.ActiveCfg = Debug|Any CPU
		{A858F903-0F0B-49D9-85C1-B4555390D056}.Debug|Any CPU.Build.0 = Debug|Any CPU
		{A858F903-0F0B-49D9-85C1-B4555390D056}.Debug|Any CPU.Deploy.0 = Debug|Any CPU
		{A858F903-0F0B-49D9-85C1-B4555390D056}.Debug|ARM.ActiveCfg = Debug|Any CPU
		{A858F903-0F0B-49D9-85C1-B4555390D056}.Debug|ARM.Build.0 = Debug|Any CPU
		{A858F903-0F0B-49D9-85C1-B4555390D056}.Debug|ARM.Deploy.0 = Debug|Any CPU
		{A858F903-0F0B-49D9-85C1-B4555390D056}.Debug|iPhone.ActiveCfg = Debug|Any CPU
		{A858F903-0F0B-49D9-85C1-B4555390D056}.Debug|iPhone.Build.0 = Debug|Any CPU
		{A858F903-0F0B-49D9-85C1-B4555390D056}.Debug|iPhone.Deploy.0 = Debug|Any CPU
		{A858F903-0F0B-49D9-85C1-B4555390D056}.Debug|iPhoneSimulator.ActiveCfg = Debug|Any CPU
		{A858F903-0F0B-49D9-85C1-B4555390D056}.Debug|iPhoneSimulator.Build.0 = Debug|Any CPU
		{A858F903-0F0B-49D9-85C1-B4555390D056}.Debug|iPhoneSimulator.Deploy.0 = Debug|Any CPU
		{A858F903-0F0B-49D9-85C1-B4555390D056}.Debug|x64.ActiveCfg = Debug|Any CPU
		{A858F903-0F0B-49D9-85C1-B4555390D056}.Debug|x64.Build.0 = Debug|Any CPU
		{A858F903-0F0B-49D9-85C1-B4555390D056}.Debug|x64.Deploy.0 = Debug|Any CPU
		{A858F903-0F0B-49D9-85C1-B4555390D056}.Debug|x86.ActiveCfg = Debug|Any CPU
		{A858F903-0F0B-49D9-85C1-B4555390D056}.Debug|x86.Build.0 = Debug|Any CPU
		{A858F903-0F0B-49D9-85C1-B4555390D056}.Debug|x86.Deploy.0 = Debug|Any CPU
		{A858F903-0F0B-49D9-85C1-B4555390D056}.Release|Any CPU.ActiveCfg = Release|Any CPU
		{A858F903-0F0B-49D9-85C1-B4555390D056}.Release|Any CPU.Build.0 = Release|Any CPU
		{A858F903-0F0B-49D9-85C1-B4555390D056}.Release|Any CPU.Deploy.0 = Release|Any CPU
		{A858F903-0F0B-49D9-85C1-B4555390D056}.Release|ARM.ActiveCfg = Release|Any CPU
		{A858F903-0F0B-49D9-85C1-B4555390D056}.Release|ARM.Build.0 = Release|Any CPU
		{A858F903-0F0B-49D9-85C1-B4555390D056}.Release|ARM.Deploy.0 = Release|Any CPU
		{A858F903-0F0B-49D9-85C1-B4555390D056}.Release|iPhone.ActiveCfg = Release|Any CPU
		{A858F903-0F0B-49D9-85C1-B4555390D056}.Release|iPhone.Build.0 = Release|Any CPU
		{A858F903-0F0B-49D9-85C1-B4555390D056}.Release|iPhone.Deploy.0 = Release|Any CPU
		{A858F903-0F0B-49D9-85C1-B4555390D056}.Release|iPhoneSimulator.ActiveCfg = Release|Any CPU
		{A858F903-0F0B-49D9-85C1-B4555390D056}.Release|iPhoneSimulator.Build.0 = Release|Any CPU
		{A858F903-0F0B-49D9-85C1-B4555390D056}.Release|iPhoneSimulator.Deploy.0 = Release|Any CPU
		{A858F903-0F0B-49D9-85C1-B4555390D056}.Release|x64.ActiveCfg = Release|Any CPU
		{A858F903-0F0B-49D9-85C1-B4555390D056}.Release|x64.Build.0 = Release|Any CPU
		{A858F903-0F0B-49D9-85C1-B4555390D056}.Release|x64.Deploy.0 = Release|Any CPU
		{A858F903-0F0B-49D9-85C1-B4555390D056}.Release|x86.ActiveCfg = Release|Any CPU
		{A858F903-0F0B-49D9-85C1-B4555390D056}.Release|x86.Build.0 = Release|Any CPU
		{A858F903-0F0B-49D9-85C1-B4555390D056}.Release|x86.Deploy.0 = Release|Any CPU
		{E886C5B6-D781-4DE1-8EAB-C91034D23A60}.Ad-Hoc|Any CPU.ActiveCfg = Release|Any CPU
		{E886C5B6-D781-4DE1-8EAB-C91034D23A60}.Ad-Hoc|Any CPU.Build.0 = Release|Any CPU
		{E886C5B6-D781-4DE1-8EAB-C91034D23A60}.Ad-Hoc|ARM.ActiveCfg = Release|Any CPU
		{E886C5B6-D781-4DE1-8EAB-C91034D23A60}.Ad-Hoc|ARM.Build.0 = Release|Any CPU
		{E886C5B6-D781-4DE1-8EAB-C91034D23A60}.Ad-Hoc|iPhone.ActiveCfg = Release|Any CPU
		{E886C5B6-D781-4DE1-8EAB-C91034D23A60}.Ad-Hoc|iPhone.Build.0 = Release|Any CPU
		{E886C5B6-D781-4DE1-8EAB-C91034D23A60}.Ad-Hoc|iPhoneSimulator.ActiveCfg = Release|Any CPU
		{E886C5B6-D781-4DE1-8EAB-C91034D23A60}.Ad-Hoc|iPhoneSimulator.Build.0 = Release|Any CPU
		{E886C5B6-D781-4DE1-8EAB-C91034D23A60}.Ad-Hoc|x64.ActiveCfg = Release|Any CPU
		{E886C5B6-D781-4DE1-8EAB-C91034D23A60}.Ad-Hoc|x64.Build.0 = Release|Any CPU
		{E886C5B6-D781-4DE1-8EAB-C91034D23A60}.Ad-Hoc|x86.ActiveCfg = Release|Any CPU
		{E886C5B6-D781-4DE1-8EAB-C91034D23A60}.Ad-Hoc|x86.Build.0 = Release|Any CPU
		{E886C5B6-D781-4DE1-8EAB-C91034D23A60}.AppStore|Any CPU.ActiveCfg = Release|Any CPU
		{E886C5B6-D781-4DE1-8EAB-C91034D23A60}.AppStore|Any CPU.Build.0 = Release|Any CPU
		{E886C5B6-D781-4DE1-8EAB-C91034D23A60}.AppStore|ARM.ActiveCfg = Release|Any CPU
		{E886C5B6-D781-4DE1-8EAB-C91034D23A60}.AppStore|ARM.Build.0 = Release|Any CPU
		{E886C5B6-D781-4DE1-8EAB-C91034D23A60}.AppStore|iPhone.ActiveCfg = Release|Any CPU
		{E886C5B6-D781-4DE1-8EAB-C91034D23A60}.AppStore|iPhone.Build.0 = Release|Any CPU
		{E886C5B6-D781-4DE1-8EAB-C91034D23A60}.AppStore|iPhoneSimulator.ActiveCfg = Release|Any CPU
		{E886C5B6-D781-4DE1-8EAB-C91034D23A60}.AppStore|iPhoneSimulator.Build.0 = Release|Any CPU
		{E886C5B6-D781-4DE1-8EAB-C91034D23A60}.AppStore|x64.ActiveCfg = Release|Any CPU
		{E886C5B6-D781-4DE1-8EAB-C91034D23A60}.AppStore|x64.Build.0 = Release|Any CPU
		{E886C5B6-D781-4DE1-8EAB-C91034D23A60}.AppStore|x86.ActiveCfg = Release|Any CPU
		{E886C5B6-D781-4DE1-8EAB-C91034D23A60}.AppStore|x86.Build.0 = Release|Any CPU
		{E886C5B6-D781-4DE1-8EAB-C91034D23A60}.Debug|Any CPU.ActiveCfg = Debug|Any CPU
		{E886C5B6-D781-4DE1-8EAB-C91034D23A60}.Debug|Any CPU.Build.0 = Debug|Any CPU
		{E886C5B6-D781-4DE1-8EAB-C91034D23A60}.Debug|ARM.ActiveCfg = Debug|Any CPU
		{E886C5B6-D781-4DE1-8EAB-C91034D23A60}.Debug|ARM.Build.0 = Debug|Any CPU
		{E886C5B6-D781-4DE1-8EAB-C91034D23A60}.Debug|iPhone.ActiveCfg = Debug|Any CPU
		{E886C5B6-D781-4DE1-8EAB-C91034D23A60}.Debug|iPhone.Build.0 = Debug|Any CPU
		{E886C5B6-D781-4DE1-8EAB-C91034D23A60}.Debug|iPhoneSimulator.ActiveCfg = Debug|Any CPU
		{E886C5B6-D781-4DE1-8EAB-C91034D23A60}.Debug|iPhoneSimulator.Build.0 = Debug|Any CPU
		{E886C5B6-D781-4DE1-8EAB-C91034D23A60}.Debug|x64.ActiveCfg = Debug|Any CPU
		{E886C5B6-D781-4DE1-8EAB-C91034D23A60}.Debug|x64.Build.0 = Debug|Any CPU
		{E886C5B6-D781-4DE1-8EAB-C91034D23A60}.Debug|x86.ActiveCfg = Debug|Any CPU
		{E886C5B6-D781-4DE1-8EAB-C91034D23A60}.Debug|x86.Build.0 = Debug|Any CPU
		{E886C5B6-D781-4DE1-8EAB-C91034D23A60}.Release|Any CPU.ActiveCfg = Release|Any CPU
		{E886C5B6-D781-4DE1-8EAB-C91034D23A60}.Release|Any CPU.Build.0 = Release|Any CPU
		{E886C5B6-D781-4DE1-8EAB-C91034D23A60}.Release|ARM.ActiveCfg = Release|Any CPU
		{E886C5B6-D781-4DE1-8EAB-C91034D23A60}.Release|ARM.Build.0 = Release|Any CPU
		{E886C5B6-D781-4DE1-8EAB-C91034D23A60}.Release|iPhone.ActiveCfg = Release|Any CPU
		{E886C5B6-D781-4DE1-8EAB-C91034D23A60}.Release|iPhone.Build.0 = Release|Any CPU
		{E886C5B6-D781-4DE1-8EAB-C91034D23A60}.Release|iPhoneSimulator.ActiveCfg = Release|Any CPU
		{E886C5B6-D781-4DE1-8EAB-C91034D23A60}.Release|iPhoneSimulator.Build.0 = Release|Any CPU
		{E886C5B6-D781-4DE1-8EAB-C91034D23A60}.Release|x64.ActiveCfg = Release|Any CPU
		{E886C5B6-D781-4DE1-8EAB-C91034D23A60}.Release|x64.Build.0 = Release|Any CPU
		{E886C5B6-D781-4DE1-8EAB-C91034D23A60}.Release|x86.ActiveCfg = Release|Any CPU
		{E886C5B6-D781-4DE1-8EAB-C91034D23A60}.Release|x86.Build.0 = Release|Any CPU
		{3495231E-6763-4718-8A41-9ACCB1BC3A3E}.Ad-Hoc|Any CPU.ActiveCfg = Release|x86
		{3495231E-6763-4718-8A41-9ACCB1BC3A3E}.Ad-Hoc|Any CPU.Build.0 = Release|x86
		{3495231E-6763-4718-8A41-9ACCB1BC3A3E}.Ad-Hoc|Any CPU.Deploy.0 = Release|x86
		{3495231E-6763-4718-8A41-9ACCB1BC3A3E}.Ad-Hoc|ARM.ActiveCfg = Release|ARM
		{3495231E-6763-4718-8A41-9ACCB1BC3A3E}.Ad-Hoc|ARM.Build.0 = Release|ARM
		{3495231E-6763-4718-8A41-9ACCB1BC3A3E}.Ad-Hoc|ARM.Deploy.0 = Release|ARM
		{3495231E-6763-4718-8A41-9ACCB1BC3A3E}.Ad-Hoc|iPhone.ActiveCfg = Release|x86
		{3495231E-6763-4718-8A41-9ACCB1BC3A3E}.Ad-Hoc|iPhone.Build.0 = Release|x86
		{3495231E-6763-4718-8A41-9ACCB1BC3A3E}.Ad-Hoc|iPhone.Deploy.0 = Release|x86
		{3495231E-6763-4718-8A41-9ACCB1BC3A3E}.Ad-Hoc|iPhoneSimulator.ActiveCfg = Release|x86
		{3495231E-6763-4718-8A41-9ACCB1BC3A3E}.Ad-Hoc|iPhoneSimulator.Build.0 = Release|x86
		{3495231E-6763-4718-8A41-9ACCB1BC3A3E}.Ad-Hoc|iPhoneSimulator.Deploy.0 = Release|x86
		{3495231E-6763-4718-8A41-9ACCB1BC3A3E}.Ad-Hoc|x64.ActiveCfg = Release|x64
		{3495231E-6763-4718-8A41-9ACCB1BC3A3E}.Ad-Hoc|x64.Build.0 = Release|x64
		{3495231E-6763-4718-8A41-9ACCB1BC3A3E}.Ad-Hoc|x64.Deploy.0 = Release|x64
		{3495231E-6763-4718-8A41-9ACCB1BC3A3E}.Ad-Hoc|x86.ActiveCfg = Release|x86
		{3495231E-6763-4718-8A41-9ACCB1BC3A3E}.Ad-Hoc|x86.Build.0 = Release|x86
		{3495231E-6763-4718-8A41-9ACCB1BC3A3E}.Ad-Hoc|x86.Deploy.0 = Release|x86
		{3495231E-6763-4718-8A41-9ACCB1BC3A3E}.AppStore|Any CPU.ActiveCfg = Release|x86
		{3495231E-6763-4718-8A41-9ACCB1BC3A3E}.AppStore|Any CPU.Build.0 = Release|x86
		{3495231E-6763-4718-8A41-9ACCB1BC3A3E}.AppStore|Any CPU.Deploy.0 = Release|x86
		{3495231E-6763-4718-8A41-9ACCB1BC3A3E}.AppStore|ARM.ActiveCfg = Release|ARM
		{3495231E-6763-4718-8A41-9ACCB1BC3A3E}.AppStore|ARM.Build.0 = Release|ARM
		{3495231E-6763-4718-8A41-9ACCB1BC3A3E}.AppStore|ARM.Deploy.0 = Release|ARM
		{3495231E-6763-4718-8A41-9ACCB1BC3A3E}.AppStore|iPhone.ActiveCfg = Release|x86
		{3495231E-6763-4718-8A41-9ACCB1BC3A3E}.AppStore|iPhone.Build.0 = Release|x86
		{3495231E-6763-4718-8A41-9ACCB1BC3A3E}.AppStore|iPhone.Deploy.0 = Release|x86
		{3495231E-6763-4718-8A41-9ACCB1BC3A3E}.AppStore|iPhoneSimulator.ActiveCfg = Release|x86
		{3495231E-6763-4718-8A41-9ACCB1BC3A3E}.AppStore|iPhoneSimulator.Build.0 = Release|x86
		{3495231E-6763-4718-8A41-9ACCB1BC3A3E}.AppStore|iPhoneSimulator.Deploy.0 = Release|x86
		{3495231E-6763-4718-8A41-9ACCB1BC3A3E}.AppStore|x64.ActiveCfg = Release|x64
		{3495231E-6763-4718-8A41-9ACCB1BC3A3E}.AppStore|x64.Build.0 = Release|x64
		{3495231E-6763-4718-8A41-9ACCB1BC3A3E}.AppStore|x64.Deploy.0 = Release|x64
		{3495231E-6763-4718-8A41-9ACCB1BC3A3E}.AppStore|x86.ActiveCfg = Release|x86
		{3495231E-6763-4718-8A41-9ACCB1BC3A3E}.AppStore|x86.Build.0 = Release|x86
		{3495231E-6763-4718-8A41-9ACCB1BC3A3E}.AppStore|x86.Deploy.0 = Release|x86
		{3495231E-6763-4718-8A41-9ACCB1BC3A3E}.Debug|Any CPU.ActiveCfg = Debug|x86
		{3495231E-6763-4718-8A41-9ACCB1BC3A3E}.Debug|ARM.ActiveCfg = Debug|ARM
		{3495231E-6763-4718-8A41-9ACCB1BC3A3E}.Debug|ARM.Build.0 = Debug|ARM
		{3495231E-6763-4718-8A41-9ACCB1BC3A3E}.Debug|ARM.Deploy.0 = Debug|ARM
		{3495231E-6763-4718-8A41-9ACCB1BC3A3E}.Debug|iPhone.ActiveCfg = Debug|x86
		{3495231E-6763-4718-8A41-9ACCB1BC3A3E}.Debug|iPhoneSimulator.ActiveCfg = Debug|x86
		{3495231E-6763-4718-8A41-9ACCB1BC3A3E}.Debug|x64.ActiveCfg = Debug|x64
		{3495231E-6763-4718-8A41-9ACCB1BC3A3E}.Debug|x64.Build.0 = Debug|x64
		{3495231E-6763-4718-8A41-9ACCB1BC3A3E}.Debug|x64.Deploy.0 = Debug|x64
		{3495231E-6763-4718-8A41-9ACCB1BC3A3E}.Debug|x86.ActiveCfg = Debug|x86
		{3495231E-6763-4718-8A41-9ACCB1BC3A3E}.Debug|x86.Build.0 = Debug|x86
		{3495231E-6763-4718-8A41-9ACCB1BC3A3E}.Debug|x86.Deploy.0 = Debug|x86
		{3495231E-6763-4718-8A41-9ACCB1BC3A3E}.Release|Any CPU.ActiveCfg = Release|x86
		{3495231E-6763-4718-8A41-9ACCB1BC3A3E}.Release|ARM.ActiveCfg = Release|ARM
		{3495231E-6763-4718-8A41-9ACCB1BC3A3E}.Release|ARM.Build.0 = Release|ARM
		{3495231E-6763-4718-8A41-9ACCB1BC3A3E}.Release|ARM.Deploy.0 = Release|ARM
		{3495231E-6763-4718-8A41-9ACCB1BC3A3E}.Release|iPhone.ActiveCfg = Release|x86
		{3495231E-6763-4718-8A41-9ACCB1BC3A3E}.Release|iPhoneSimulator.ActiveCfg = Release|x86
		{3495231E-6763-4718-8A41-9ACCB1BC3A3E}.Release|x64.ActiveCfg = Release|x64
		{3495231E-6763-4718-8A41-9ACCB1BC3A3E}.Release|x64.Build.0 = Release|x64
		{3495231E-6763-4718-8A41-9ACCB1BC3A3E}.Release|x64.Deploy.0 = Release|x64
		{3495231E-6763-4718-8A41-9ACCB1BC3A3E}.Release|x86.ActiveCfg = Release|x86
		{3495231E-6763-4718-8A41-9ACCB1BC3A3E}.Release|x86.Build.0 = Release|x86
		{3495231E-6763-4718-8A41-9ACCB1BC3A3E}.Release|x86.Deploy.0 = Release|x86
		{6DFF1F90-C529-4FF3-BFFF-916E5A6CA219}.Ad-Hoc|Any CPU.ActiveCfg = Ad-Hoc|iPhone
		{6DFF1F90-C529-4FF3-BFFF-916E5A6CA219}.Ad-Hoc|ARM.ActiveCfg = Ad-Hoc|iPhone
		{6DFF1F90-C529-4FF3-BFFF-916E5A6CA219}.Ad-Hoc|iPhone.ActiveCfg = Ad-Hoc|iPhone
		{6DFF1F90-C529-4FF3-BFFF-916E5A6CA219}.Ad-Hoc|iPhone.Build.0 = Ad-Hoc|iPhone
		{6DFF1F90-C529-4FF3-BFFF-916E5A6CA219}.Ad-Hoc|iPhoneSimulator.ActiveCfg = Ad-Hoc|iPhoneSimulator
		{6DFF1F90-C529-4FF3-BFFF-916E5A6CA219}.Ad-Hoc|iPhoneSimulator.Build.0 = Ad-Hoc|iPhoneSimulator
		{6DFF1F90-C529-4FF3-BFFF-916E5A6CA219}.Ad-Hoc|x64.ActiveCfg = Ad-Hoc|iPhone
		{6DFF1F90-C529-4FF3-BFFF-916E5A6CA219}.Ad-Hoc|x86.ActiveCfg = Ad-Hoc|iPhone
		{6DFF1F90-C529-4FF3-BFFF-916E5A6CA219}.AppStore|Any CPU.ActiveCfg = AppStore|iPhone
		{6DFF1F90-C529-4FF3-BFFF-916E5A6CA219}.AppStore|ARM.ActiveCfg = AppStore|iPhone
		{6DFF1F90-C529-4FF3-BFFF-916E5A6CA219}.AppStore|iPhone.ActiveCfg = AppStore|iPhone
		{6DFF1F90-C529-4FF3-BFFF-916E5A6CA219}.AppStore|iPhone.Build.0 = AppStore|iPhone
		{6DFF1F90-C529-4FF3-BFFF-916E5A6CA219}.AppStore|iPhoneSimulator.ActiveCfg = AppStore|iPhoneSimulator
		{6DFF1F90-C529-4FF3-BFFF-916E5A6CA219}.AppStore|iPhoneSimulator.Build.0 = AppStore|iPhoneSimulator
		{6DFF1F90-C529-4FF3-BFFF-916E5A6CA219}.AppStore|x64.ActiveCfg = AppStore|iPhone
		{6DFF1F90-C529-4FF3-BFFF-916E5A6CA219}.AppStore|x86.ActiveCfg = AppStore|iPhone
		{6DFF1F90-C529-4FF3-BFFF-916E5A6CA219}.Debug|Any CPU.ActiveCfg = Debug|iPhone
		{6DFF1F90-C529-4FF3-BFFF-916E5A6CA219}.Debug|ARM.ActiveCfg = Debug|iPhone
		{6DFF1F90-C529-4FF3-BFFF-916E5A6CA219}.Debug|iPhone.ActiveCfg = Debug|iPhone
		{6DFF1F90-C529-4FF3-BFFF-916E5A6CA219}.Debug|iPhone.Build.0 = Debug|iPhone
		{6DFF1F90-C529-4FF3-BFFF-916E5A6CA219}.Debug|iPhoneSimulator.ActiveCfg = Debug|iPhoneSimulator
		{6DFF1F90-C529-4FF3-BFFF-916E5A6CA219}.Debug|iPhoneSimulator.Build.0 = Debug|iPhoneSimulator
		{6DFF1F90-C529-4FF3-BFFF-916E5A6CA219}.Debug|x64.ActiveCfg = Debug|iPhone
		{6DFF1F90-C529-4FF3-BFFF-916E5A6CA219}.Debug|x86.ActiveCfg = Debug|iPhone
		{6DFF1F90-C529-4FF3-BFFF-916E5A6CA219}.Release|Any CPU.ActiveCfg = Release|iPhone
		{6DFF1F90-C529-4FF3-BFFF-916E5A6CA219}.Release|ARM.ActiveCfg = Release|iPhone
		{6DFF1F90-C529-4FF3-BFFF-916E5A6CA219}.Release|iPhone.ActiveCfg = Release|iPhone
		{6DFF1F90-C529-4FF3-BFFF-916E5A6CA219}.Release|iPhone.Build.0 = Release|iPhone
		{6DFF1F90-C529-4FF3-BFFF-916E5A6CA219}.Release|iPhoneSimulator.ActiveCfg = Release|iPhoneSimulator
		{6DFF1F90-C529-4FF3-BFFF-916E5A6CA219}.Release|iPhoneSimulator.Build.0 = Release|iPhoneSimulator
		{6DFF1F90-C529-4FF3-BFFF-916E5A6CA219}.Release|x64.ActiveCfg = Release|iPhone
		{6DFF1F90-C529-4FF3-BFFF-916E5A6CA219}.Release|x86.ActiveCfg = Release|iPhone
	EndGlobalSection
	GlobalSection(SolutionProperties) = preSolution
		HideSolutionNode = FALSE
	EndGlobalSection
EndGlobal
